
Microsoft Visual Studio Solution File, Format Version 12.00
# Visual Studio Version 17
VisualStudioVersion = 17.11.35303.130
MinimumVisualStudioVersion = 10.0.40219.1
Project("{FAE04EC0-301F-11D3-BF4B-00C04F79EFBC}") = "Server GUI concept", "Server GUI concept\Server GUI concept.csproj", "{0A466159-E046-49E0-8735-535963D9AD85}"
EndProject
Global
	GlobalSection(SolutionConfigurationPlatforms) = preSolution
		Debug|Any CPU = Debug|Any CPU
		Release|Any CPU = Release|Any CPU
	EndGlobalSection
	GlobalSection(ProjectConfigurationPlatforms) = postSolution
		{0A466159-E046-49E0-8735-535963D9AD85}.Debug|Any CPU.ActiveCfg = Debug|Any CPU
		{0A466159-E046-49E0-8735-535963D9AD85}.Debug|Any CPU.Build.0 = Debug|Any CPU
		{0A466159-E046-49E0-8735-535963D9AD85}.Release|Any CPU.ActiveCfg = Release|Any CPU
		{0A466159-E046-49E0-8735-535963D9AD85}.Release|Any CPU.Build.0 = Release|Any CPU
	EndGlobalSection
	GlobalSection(SolutionProperties) = preSolution
		HideSolutionNode = FALSE
	EndGlobalSection
	GlobalSection(ExtensibilityGlobals) = postSolution
		SolutionGuid = {9E3089E3-B397-459C-A7F0-8AABAC76C297}
	EndGlobalSection
EndGlobal
